// !$*UTF8*$!
{
	archiveVersion = 1;
	classes = {
	};
	objectVersion = 50;
	objects = {

/* Begin PBXBuildFile section */
		8576EED42573E9D1000983C6 /* AppDelegate.swift in Sources */ = {isa = PBXBuildFile; fileRef = 8576EED32573E9D1000983C6 /* AppDelegate.swift */; };
		8576EED62573E9D1000983C6 /* SceneDelegate.swift in Sources */ = {isa = PBXBuildFile; fileRef = 8576EED52573E9D1000983C6 /* SceneDelegate.swift */; };
		8576EED82573E9D1000983C6 /* SearchMoviesViewController.swift in Sources */ = {isa = PBXBuildFile; fileRef = 8576EED72573E9D1000983C6 /* SearchMoviesViewController.swift */; };
		8576EEDB2573E9D1000983C6 /* Main.storyboard in Resources */ = {isa = PBXBuildFile; fileRef = 8576EED92573E9D1000983C6 /* Main.storyboard */; };
		8576EEDD2573E9D2000983C6 /* Assets.xcassets in Resources */ = {isa = PBXBuildFile; fileRef = 8576EEDC2573E9D2000983C6 /* Assets.xcassets */; };
		8576EEE02573E9D2000983C6 /* LaunchScreen.storyboard in Resources */ = {isa = PBXBuildFile; fileRef = 8576EEDE2573E9D2000983C6 /* LaunchScreen.storyboard */; };
		8576EEEE257457DC000983C6 /* Movie.swift in Sources */ = {isa = PBXBuildFile; fileRef = 8576EEED257457DC000983C6 /* Movie.swift */; };
		8576EEF325746044000983C6 /* APIService.swift in Sources */ = {isa = PBXBuildFile; fileRef = 8576EEF225746044000983C6 /* APIService.swift */; };
		8576EEF82574641F000983C6 /* Reachability.swift in Sources */ = {isa = PBXBuildFile; fileRef = 8576EEF72574641F000983C6 /* Reachability.swift */; };
		85CB47B025746A7000D9D1C0 /* MoviesViewModel.swift in Sources */ = {isa = PBXBuildFile; fileRef = 85CB47AF25746A7000D9D1C0 /* MoviesViewModel.swift */; };
		D07B1CBDB33C584D3F2E62E9 /* libPods-MovieSearch.a in Frameworks */ = {isa = PBXBuildFile; fileRef = FAE4A1BE816691F58FE331CB /* libPods-MovieSearch.a */; };
/* End PBXBuildFile section */

/* Begin PBXFileReference section */
		8576EED02573E9D1000983C6 /* MovieSearch.app */ = {isa = PBXFileReference; explicitFileType = wrapper.application; includeInIndex = 0; path = MovieSearch.app; sourceTree = BUILT_PRODUCTS_DIR; };
		8576EED32573E9D1000983C6 /* AppDelegate.swift */ = {isa = PBXFileReference; lastKnownFileType = sourcecode.swift; path = AppDelegate.swift; sourceTree = "<group>"; };
		8576EED52573E9D1000983C6 /* SceneDelegate.swift */ = {isa = PBXFileReference; lastKnownFileType = sourcecode.swift; path = SceneDelegate.swift; sourceTree = "<group>"; };
		8576EED72573E9D1000983C6 /* SearchMoviesViewController.swift */ = {isa = PBXFileReference; lastKnownFileType = sourcecode.swift; path = SearchMoviesViewController.swift; sourceTree = "<group>"; };
		8576EEDA2573E9D1000983C6 /* Base */ = {isa = PBXFileReference; lastKnownFileType = file.storyboard; name = Base; path = Base.lproj/Main.storyboard; sourceTree = "<group>"; };
		8576EEDC2573E9D2000983C6 /* Assets.xcassets */ = {isa = PBXFileReference; lastKnownFileType = folder.assetcatalog; path = Assets.xcassets; sourceTree = "<group>"; };
		8576EEDF2573E9D2000983C6 /* Base */ = {isa = PBXFileReference; lastKnownFileType = file.storyboard; name = Base; path = Base.lproj/LaunchScreen.storyboard; sourceTree = "<group>"; };
		8576EEE12573E9D2000983C6 /* Info.plist */ = {isa = PBXFileReference; lastKnownFileType = text.plist.xml; path = Info.plist; sourceTree = "<group>"; };
		8576EEED257457DC000983C6 /* Movie.swift */ = {isa = PBXFileReference; lastKnownFileType = sourcecode.swift; path = Movie.swift; sourceTree = "<group>"; };
		8576EEF225746044000983C6 /* APIService.swift */ = {isa = PBXFileReference; lastKnownFileType = sourcecode.swift; path = APIService.swift; sourceTree = "<group>"; };
		8576EEF72574641F000983C6 /* Reachability.swift */ = {isa = PBXFileReference; lastKnownFileType = sourcecode.swift; path = Reachability.swift; sourceTree = "<group>"; };
		85CB47AF25746A7000D9D1C0 /* MoviesViewModel.swift */ = {isa = PBXFileReference; lastKnownFileType = sourcecode.swift; path = MoviesViewModel.swift; sourceTree = "<group>"; };
		B59764F1279E1FE1597F7622 /* Pods-MovieSearch.release.xcconfig */ = {isa = PBXFileReference; includeInIndex = 1; lastKnownFileType = text.xcconfig; name = "Pods-MovieSearch.release.xcconfig"; path = "Target Support Files/Pods-MovieSearch/Pods-MovieSearch.release.xcconfig"; sourceTree = "<group>"; };
		BC071A2B7F849E1400C258DE /* Pods-MovieSearch.debug.xcconfig */ = {isa = PBXFileReference; includeInIndex = 1; lastKnownFileType = text.xcconfig; name = "Pods-MovieSearch.debug.xcconfig"; path = "Target Support Files/Pods-MovieSearch/Pods-MovieSearch.debug.xcconfig"; sourceTree = "<group>"; };
		FAE4A1BE816691F58FE331CB /* libPods-MovieSearch.a */ = {isa = PBXFileReference; explicitFileType = archive.ar; includeInIndex = 0; path = "libPods-MovieSearch.a"; sourceTree = BUILT_PRODUCTS_DIR; };
/* End PBXFileReference section */

/* Begin PBXFrameworksBuildPhase section */
		8576EECD2573E9D1000983C6 /* Frameworks */ = {
			isa = PBXFrameworksBuildPhase;
			buildActionMask = 2147483647;
			files = (
				D07B1CBDB33C584D3F2E62E9 /* libPods-MovieSearch.a in Frameworks */,
			);
			runOnlyForDeploymentPostprocessing = 0;
		};
/* End PBXFrameworksBuildPhase section */

/* Begin PBXGroup section */
		587BA51E3D7D060AE2A8BB35 /* Frameworks */ = {
			isa = PBXGroup;
			children = (
				FAE4A1BE816691F58FE331CB /* libPods-MovieSearch.a */,
			);
			name = Frameworks;
			sourceTree = "<group>";
		};
		8576EEC72573E9D1000983C6 = {
			isa = PBXGroup;
			children = (
				8576EED22573E9D1000983C6 /* MovieSearch */,
				8576EED12573E9D1000983C6 /* Products */,
				B7533141A5D6DE1E72319A93 /* Pods */,
				587BA51E3D7D060AE2A8BB35 /* Frameworks */,
			);
			sourceTree = "<group>";
		};
		8576EED12573E9D1000983C6 /* Products */ = {
			isa = PBXGroup;
			children = (
				8576EED02573E9D1000983C6 /* MovieSearch.app */,
			);
			name = Products;
			sourceTree = "<group>";
		};
		8576EED22573E9D1000983C6 /* MovieSearch */ = {
			isa = PBXGroup;
			children = (
				85CB47B725748C8600D9D1C0 /* Common */,
				85CB47B225746A7900D9D1C0 /* ViewModels */,
				8576EEF52574604A000983C6 /* Services */,
				8576EEF0257457EB000983C6 /* Models */,
				85CB47B525748C4100D9D1C0 /* Controllers */,
				85CB47B925748CB500D9D1C0 /* Storyboards */,
				85CB47BB25748CD300D9D1C0 /* Resources */,
				85CB47BA25748CC900D9D1C0 /* Settings */,
			);
			path = MovieSearch;
			sourceTree = "<group>";
		};
		8576EEF0257457EB000983C6 /* Models */ = {
			isa = PBXGroup;
			children = (
				8576EEED257457DC000983C6 /* Movie.swift */,
			);
			path = Models;
			sourceTree = "<group>";
		};
		8576EEF52574604A000983C6 /* Services */ = {
			isa = PBXGroup;
			children = (
				8576EEF225746044000983C6 /* APIService.swift */,
				8576EEF72574641F000983C6 /* Reachability.swift */,
			);
			path = Services;
			sourceTree = "<group>";
		};
		85CB47B225746A7900D9D1C0 /* ViewModels */ = {
			isa = PBXGroup;
			children = (
				85CB47AF25746A7000D9D1C0 /* MoviesViewModel.swift */,
			);
			path = ViewModels;
			sourceTree = "<group>";
		};
		85CB47B525748C4100D9D1C0 /* Controllers */ = {
			isa = PBXGroup;
			children = (
				8576EED72573E9D1000983C6 /* SearchMoviesViewController.swift */,
			);
			path = Controllers;
			sourceTree = "<group>";
		};
		85CB47B725748C8600D9D1C0 /* Common */ = {
			isa = PBXGroup;
			children = (
				8576EED32573E9D1000983C6 /* AppDelegate.swift */,
				8576EED52573E9D1000983C6 /* SceneDelegate.swift */,
			);
			path = Common;
			sourceTree = "<group>";
		};
		85CB47B925748CB500D9D1C0 /* Storyboards */ = {
			isa = PBXGroup;
			children = (
				8576EED92573E9D1000983C6 /* Main.storyboard */,
				8576EEDE2573E9D2000983C6 /* LaunchScreen.storyboard */,
			);
			path = Storyboards;
			sourceTree = "<group>";
		};
		85CB47BA25748CC900D9D1C0 /* Settings */ = {
			isa = PBXGroup;
			children = (
				8576EEE12573E9D2000983C6 /* Info.plist */,
			);
			path = Settings;
			sourceTree = "<group>";
		};
		85CB47BB25748CD300D9D1C0 /* Resources */ = {
			isa = PBXGroup;
			children = (
				8576EEDC2573E9D2000983C6 /* Assets.xcassets */,
			);
			path = Resources;
			sourceTree = "<group>";
		};
		B7533141A5D6DE1E72319A93 /* Pods */ = {
			isa = PBXGroup;
			children = (
				BC071A2B7F849E1400C258DE /* Pods-MovieSearch.debug.xcconfig */,
				B59764F1279E1FE1597F7622 /* Pods-MovieSearch.release.xcconfig */,
			);
			path = Pods;
			sourceTree = "<group>";
		};
/* End PBXGroup section */

/* Begin PBXNativeTarget section */
		8576EECF2573E9D1000983C6 /* MovieSearch */ = {
			isa = PBXNativeTarget;
			buildConfigurationList = 8576EEE42573E9D2000983C6 /* Build configuration list for PBXNativeTarget "MovieSearch" */;
			buildPhases = (
				553173C107E3A41C816D0AFA /* [CP] Check Pods Manifest.lock */,
				8576EECC2573E9D1000983C6 /* Sources */,
				8576EECD2573E9D1000983C6 /* Frameworks */,
				8576EECE2573E9D1000983C6 /* Resources */,
			);
			buildRules = (
			);
			dependencies = (
			);
			name = MovieSearch;
			productName = MovieSearch;
			productReference = 8576EED02573E9D1000983C6 /* MovieSearch.app */;
			productType = "com.apple.product-type.application";
		};
/* End PBXNativeTarget section */

/* Begin PBXProject section */
		8576EEC82573E9D1000983C6 /* Project object */ = {
			isa = PBXProject;
			attributes = {
				LastSwiftUpdateCheck = 1220;
				LastUpgradeCheck = 1220;
				TargetAttributes = {
					8576EECF2573E9D1000983C6 = {
						CreatedOnToolsVersion = 12.2;
					};
				};
			};
			buildConfigurationList = 8576EECB2573E9D1000983C6 /* Build configuration list for PBXProject "MovieSearch" */;
			compatibilityVersion = "Xcode 9.3";
			developmentRegion = en;
			hasScannedForEncodings = 0;
			knownRegions = (
				en,
				Base,
			);
			mainGroup = 8576EEC72573E9D1000983C6;
			productRefGroup = 8576EED12573E9D1000983C6 /* Products */;
			projectDirPath = "";
			projectRoot = "";
			targets = (
				8576EECF2573E9D1000983C6 /* MovieSearch */,
			);
		};
/* End PBXProject section */

/* Begin PBXResourcesBuildPhase section */
		8576EECE2573E9D1000983C6 /* Resources */ = {
			isa = PBXResourcesBuildPhase;
			buildActionMask = 2147483647;
			files = (
				8576EEE02573E9D2000983C6 /* LaunchScreen.storyboard in Resources */,
				8576EEDD2573E9D2000983C6 /* Assets.xcassets in Resources */,
				8576EEDB2573E9D1000983C6 /* Main.storyboard in Resources */,
			);
			runOnlyForDeploymentPostprocessing = 0;
		};
/* End PBXResourcesBuildPhase section */

/* Begin PBXShellScriptBuildPhase section */
		553173C107E3A41C816D0AFA /* [CP] Check Pods Manifest.lock */ = {
			isa = PBXShellScriptBuildPhase;
			buildActionMask = 2147483647;
			files = (
			);
			inputFileListPaths = (
			);
			inputPaths = (
				"${PODS_PODFILE_DIR_PATH}/Podfile.lock",
				"${PODS_ROOT}/Manifest.lock",
			);
			name = "[CP] Check Pods Manifest.lock";
			outputFileListPaths = (
			);
			outputPaths = (
				"$(DERIVED_FILE_DIR)/Pods-MovieSearch-checkManifestLockResult.txt",
			);
			runOnlyForDeploymentPostprocessing = 0;
			shellPath = /bin/sh;
			shellScript = "diff \"${PODS_PODFILE_DIR_PATH}/Podfile.lock\" \"${PODS_ROOT}/Manifest.lock\" > /dev/null\nif [ $? != 0 ] ; then\n    # print error to STDERR\n    echo \"error: The sandbox is not in sync with the Podfile.lock. Run 'pod install' or update your CocoaPods installation.\" >&2\n    exit 1\nfi\n# This output is used by Xcode 'outputs' to avoid re-running this script phase.\necho \"SUCCESS\" > \"${SCRIPT_OUTPUT_FILE_0}\"\n";
			showEnvVarsInLog = 0;
		};
/* End PBXShellScriptBuildPhase section */

/* Begin PBXSourcesBuildPhase section */
		8576EECC2573E9D1000983C6 /* Sources */ = {
			isa = PBXSourcesBuildPhase;
			buildActionMask = 2147483647;
			files = (
				8576EED82573E9D1000983C6 /* SearchMoviesViewController.swift in Sources */,
				8576EEF325746044000983C6 /* APIService.swift in Sources */,
				8576EEF82574641F000983C6 /* Reachability.swift in Sources */,
				8576EED42573E9D1000983C6 /* AppDelegate.swift in Sources */,
				85CB47B025746A7000D9D1C0 /* MoviesViewModel.swift in Sources */,
				8576EEEE257457DC000983C6 /* Movie.swift in Sources */,
				8576EED62573E9D1000983C6 /* SceneDelegate.swift in Sources */,
			);
			runOnlyForDeploymentPostprocessing = 0;
		};
/* End PBXSourcesBuildPhase section */

/* Begin PBXVariantGroup section */
		8576EED92573E9D1000983C6 /* Main.storyboard */ = {
			isa = PBXVariantGroup;
			children = (
				8576EEDA2573E9D1000983C6 /* Base */,
			);
			name = Main.storyboard;
			sourceTree = "<group>";
		};
		8576EEDE2573E9D2000983C6 /* LaunchScreen.storyboard */ = {
			isa = PBXVariantGroup;
			children = (
				8576EEDF2573E9D2000983C6 /* Base */,
			);
			name = LaunchScreen.storyboard;
			sourceTree = "<group>";
		};
/* End PBXVariantGroup section */

/* Begin XCBuildConfiguration section */
		8576EEE22573E9D2000983C6 /* Debug */ = {
			isa = XCBuildConfiguration;
			buildSettings = {
				ALWAYS_SEARCH_USER_PATHS = NO;
				CLANG_ANALYZER_NONNULL = YES;
				CLANG_ANALYZER_NUMBER_OBJECT_CONVERSION = YES_AGGRESSIVE;
				CLANG_CXX_LANGUAGE_STANDARD = "gnu++14";
				CLANG_CXX_LIBRARY = "libc++";
				CLANG_ENABLE_MODULES = YES;
				CLANG_ENABLE_OBJC_ARC = YES;
				CLANG_ENABLE_OBJC_WEAK = YES;
				CLANG_WARN_BLOCK_CAPTURE_AUTORELEASING = YES;
				CLANG_WARN_BOOL_CONVERSION = YES;
				CLANG_WARN_COMMA = YES;
				CLANG_WARN_CONSTANT_CONVERSION = YES;
				CLANG_WARN_DEPRECATED_OBJC_IMPLEMENTATIONS = YES;
				CLANG_WARN_DIRECT_OBJC_ISA_USAGE = YES_ERROR;
				CLANG_WARN_DOCUMENTATION_COMMENTS = YES;
				CLANG_WARN_EMPTY_BODY = YES;
				CLANG_WARN_ENUM_CONVERSION = YES;
				CLANG_WARN_INFINITE_RECURSION = YES;
				CLANG_WARN_INT_CONVERSION = YES;
				CLANG_WARN_NON_LITERAL_NULL_CONVERSION = YES;
				CLANG_WARN_OBJC_IMPLICIT_RETAIN_SELF = YES;
				CLANG_WARN_OBJC_LITERAL_CONVERSION = YES;
				CLANG_WARN_OBJC_ROOT_CLASS = YES_ERROR;
				CLANG_WARN_QUOTED_INCLUDE_IN_FRAMEWORK_HEADER = YES;
				CLANG_WARN_RANGE_LOOP_ANALYSIS = YES;
				CLANG_WARN_STRICT_PROTOTYPES = YES;
				CLANG_WARN_SUSPICIOUS_MOVE = YES;
				CLANG_WARN_UNGUARDED_AVAILABILITY = YES_AGGRESSIVE;
				CLANG_WARN_UNREACHABLE_CODE = YES;
				CLANG_WARN__DUPLICATE_METHOD_MATCH = YES;
				COPY_PHASE_STRIP = NO;
				DEBUG_INFORMATION_FORMAT = dwarf;
				ENABLE_STRICT_OBJC_MSGSEND = YES;
				ENABLE_TESTABILITY = YES;
				GCC_C_LANGUAGE_STANDARD = gnu11;
				GCC_DYNAMIC_NO_PIC = NO;
				GCC_NO_COMMON_BLOCKS = YES;
				GCC_OPTIMIZATION_LEVEL = 0;
				GCC_PREPROCESSOR_DEFINITIONS = (
					"DEBUG=1",
					"$(inherited)",
				);
				GCC_WARN_64_TO_32_BIT_CONVERSION = YES;
				GCC_WARN_ABOUT_RETURN_TYPE = YES_ERROR;
				GCC_WARN_UNDECLARED_SELECTOR = YES;
				GCC_WARN_UNINITIALIZED_AUTOS = YES_AGGRESSIVE;
				GCC_WARN_UNUSED_FUNCTION = YES;
				GCC_WARN_UNUSED_VARIABLE = YES;
				IPHONEOS_DEPLOYMENT_TARGET = 14.2;
				MTL_ENABLE_DEBUG_INFO = INCLUDE_SOURCE;
				MTL_FAST_MATH = YES;
				ONLY_ACTIVE_ARCH = YES;
				SDKROOT = iphoneos;
				SWIFT_ACTIVE_COMPILATION_CONDITIONS = DEBUG;
				SWIFT_OPTIMIZATION_LEVEL = "-Onone";
			};
			name = Debug;
		};
		8576EEE32573E9D2000983C6 /* Release */ = {
			isa = XCBuildConfiguration;
			buildSettings = {
				ALWAYS_SEARCH_USER_PATHS = NO;
				CLANG_ANALYZER_NONNULL = YES;
				CLANG_ANALYZER_NUMBER_OBJECT_CONVERSION = YES_AGGRESSIVE;
				CLANG_CXX_LANGUAGE_STANDARD = "gnu++14";
				CLANG_CXX_LIBRARY = "libc++";
				CLANG_ENABLE_MODULES = YES;
				CLANG_ENABLE_OBJC_ARC = YES;
				CLANG_ENABLE_OBJC_WEAK = YES;
				CLANG_WARN_BLOCK_CAPTURE_AUTORELEASING = YES;
				CLANG_WARN_BOOL_CONVERSION = YES;
				CLANG_WARN_COMMA = YES;
				CLANG_WARN_CONSTANT_CONVERSION = YES;
				CLANG_WARN_DEPRECATED_OBJC_IMPLEMENTATIONS = YES;
				CLANG_WARN_DIRECT_OBJC_ISA_USAGE = YES_ERROR;
				CLANG_WARN_DOCUMENTATION_COMMENTS = YES;
				CLANG_WARN_EMPTY_BODY = YES;
				CLANG_WARN_ENUM_CONVERSION = YES;
				CLANG_WARN_INFINITE_RECURSION = YES;
				CLANG_WARN_INT_CONVERSION = YES;
				CLANG_WARN_NON_LITERAL_NULL_CONVERSION = YES;
				CLANG_WARN_OBJC_IMPLICIT_RETAIN_SELF = YES;
				CLANG_WARN_OBJC_LITERAL_CONVERSION = YES;
				CLANG_WARN_OBJC_ROOT_CLASS = YES_ERROR;
				CLANG_WARN_QUOTED_INCLUDE_IN_FRAMEWORK_HEADER = YES;
				CLANG_WARN_RANGE_LOOP_ANALYSIS = YES;
				CLANG_WARN_STRICT_PROTOTYPES = YES;
				CLANG_WARN_SUSPICIOUS_MOVE = YES;
				CLANG_WARN_UNGUARDED_AVAILABILITY = YES_AGGRESSIVE;
				CLANG_WARN_UNREACHABLE_CODE = YES;
				CLANG_WARN__DUPLICATE_METHOD_MATCH = YES;
				COPY_PHASE_STRIP = NO;
				DEBUG_INFORMATION_FORMAT = "dwarf-with-dsym";
				ENABLE_NS_ASSERTIONS = NO;
				ENABLE_STRICT_OBJC_MSGSEND = YES;
				GCC_C_LANGUAGE_STANDARD = gnu11;
				GCC_NO_COMMON_BLOCKS = YES;
				GCC_WARN_64_TO_32_BIT_CONVERSION = YES;
				GCC_WARN_ABOUT_RETURN_TYPE = YES_ERROR;
				GCC_WARN_UNDECLARED_SELECTOR = YES;
				GCC_WARN_UNINITIALIZED_AUTOS = YES_AGGRESSIVE;
				GCC_WARN_UNUSED_FUNCTION = YES;
				GCC_WARN_UNUSED_VARIABLE = YES;
				IPHONEOS_DEPLOYMENT_TARGET = 14.2;
				MTL_ENABLE_DEBUG_INFO = NO;
				MTL_FAST_MATH = YES;
				SDKROOT = iphoneos;
				SWIFT_COMPILATION_MODE = wholemodule;
				SWIFT_OPTIMIZATION_LEVEL = "-O";
				VALIDATE_PRODUCT = YES;
			};
			name = Release;
		};
		8576EEE52573E9D2000983C6 /* Debug */ = {
			isa = XCBuildConfiguration;
			baseConfigurationReference = BC071A2B7F849E1400C258DE /* Pods-MovieSearch.debug.xcconfig */;
			buildSettings = {
				ASSETCATALOG_COMPILER_APPICON_NAME = AppIcon;
				ASSETCATALOG_COMPILER_GLOBAL_ACCENT_COLOR_NAME = AccentColor;
				CODE_SIGN_STYLE = Automatic;
				DEVELOPMENT_TEAM = LAH29MAHC7;
				INFOPLIST_FILE = MovieSearch/Settings/Info.plist;
				IPHONEOS_DEPLOYMENT_TARGET = 13.0;
				LD_RUNPATH_SEARCH_PATHS = (
					"$(inherited)",
					"@executable_path/Frameworks",
				);
				PRODUCT_BUNDLE_IDENTIFIER = com.serhiiborysov.MovieSearch;
				PRODUCT_NAME = "$(TARGET_NAME)";
				SWIFT_VERSION = 5.0;
				TARGETED_DEVICE_FAMILY = "1,2";
			};
			name = Debug;
		};
		8576EEE62573E9D2000983C6 /* Release */ = {
			isa = XCBuildConfiguration;
			baseConfigurationReference = B59764F1279E1FE1597F7622 /* Pods-MovieSearch.release.xcconfig */;
			buildSettings = {
				ASSETCATALOG_COMPILER_APPICON_NAME = AppIcon;
				ASSETCATALOG_COMPILER_GLOBAL_ACCENT_COLOR_NAME = AccentColor;
				CODE_SIGN_STYLE = Automatic;
				DEVELOPMENT_TEAM = LAH29MAHC7;
				INFOPLIST_FILE = MovieSearch/Settings/Info.plist;
				IPHONEOS_DEPLOYMENT_TARGET = 13.0;
				LD_RUNPATH_SEARCH_PATHS = (
					"$(inherited)",
					"@executable_path/Frameworks",
				);
				PRODUCT_BUNDLE_IDENTIFIER = com.serhiiborysov.MovieSearch;
				PRODUCT_NAME = "$(TARGET_NAME)";
				SWIFT_VERSION = 5.0;
				TARGETED_DEVICE_FAMILY = "1,2";
			};
			name = Release;
		};
/* End XCBuildConfiguration section */

/* Begin XCConfigurationList section */
		8576EECB2573E9D1000983C6 /* Build configuration list for PBXProject "MovieSearch" */ = {
			isa = XCConfigurationList;
			buildConfigurations = (
				8576EEE22573E9D2000983C6 /* Debug */,
				8576EEE32573E9D2000983C6 /* Release */,
			);
			defaultConfigurationIsVisible = 0;
			defaultConfigurationName = Release;
		};
		8576EEE42573E9D2000983C6 /* Build configuration list for PBXNativeTarget "MovieSearch" */ = {
			isa = XCConfigurationList;
			buildConfigurations = (
				8576EEE52573E9D2000983C6 /* Debug */,
				8576EEE62573E9D2000983C6 /* Release */,
			);
			defaultConfigurationIsVisible = 0;
			defaultConfigurationName = Release;
		};
/* End XCConfigurationList section */
	};
	rootObject = 8576EEC82573E9D1000983C6 /* Project object */;
}
